// !$*UTF8*$!
{
	archiveVersion = 1;
	classes = {
	};
	objectVersion = 50;
	objects = {

/* Begin PBXBuildFile section */
		AB92E99A26AE8377006558A8 /* Mesh.cpp in Sources */ = {isa = PBXBuildFile; fileRef = AB92E99826AE8377006558A8 /* Mesh.cpp */; };
		AB92E99D26AEA6A8006558A8 /* Model.cpp in Sources */ = {isa = PBXBuildFile; fileRef = AB92E99B26AEA6A8006558A8 /* Model.cpp */; };
		AB92E9C026AEDC1A006558A8 /* libassimp.dylib in Frameworks */ = {isa = PBXBuildFile; fileRef = AB92E9B726AEDA13006558A8 /* libassimp.dylib */; };
		ABABB4E426AE6FBF006284DB /* main.cpp in Sources */ = {isa = PBXBuildFile; fileRef = ABABB4E326AE6FBF006284DB /* main.cpp */; };
		ABABB4EC26AE7026006284DB /* libGLEW.dylib in Frameworks */ = {isa = PBXBuildFile; fileRef = ABABB4EB26AE7025006284DB /* libGLEW.dylib */; };
		ABABB4EE26AE702E006284DB /* libglfw.dylib in Frameworks */ = {isa = PBXBuildFile; fileRef = ABABB4ED26AE702E006284DB /* libglfw.dylib */; };
		ABABB4F026AE7198006284DB /* glad.c in Sources */ = {isa = PBXBuildFile; fileRef = ABABB4EF26AE7198006284DB /* glad.c */; };
		ABABB4F526AE71AC006284DB /* Camera.cpp in Sources */ = {isa = PBXBuildFile; fileRef = ABABB4F326AE71AC006284DB /* Camera.cpp */; };
/* End PBXBuildFile section */

/* Begin PBXCopyFilesBuildPhase section */
		ABABB4DE26AE6FBF006284DB /* CopyFiles */ = {
			isa = PBXCopyFilesBuildPhase;
			buildActionMask = 2147483647;
			dstPath = /usr/share/man/man1/;
			dstSubfolderSpec = 0;
			files = (
			);
			runOnlyForDeploymentPostprocessing = 1;
		};
/* End PBXCopyFilesBuildPhase section */

/* Begin PBXFileReference section */
		AB92E99826AE8377006558A8 /* Mesh.cpp */ = {isa = PBXFileReference; lastKnownFileType = sourcecode.cpp.cpp; path = Mesh.cpp; sourceTree = "<group>"; };
		AB92E99926AE8377006558A8 /* Mesh.hpp */ = {isa = PBXFileReference; lastKnownFileType = sourcecode.cpp.h; path = Mesh.hpp; sourceTree = "<group>"; };
		AB92E99B26AEA6A8006558A8 /* Model.cpp */ = {isa = PBXFileReference; lastKnownFileType = sourcecode.cpp.cpp; path = Model.cpp; sourceTree = "<group>"; };
		AB92E99C26AEA6A8006558A8 /* Model.hpp */ = {isa = PBXFileReference; lastKnownFileType = sourcecode.cpp.h; path = Model.hpp; sourceTree = "<group>"; };
		AB92E99F26AEAC46006558A8 /* ModelVertexShader.cpp */ = {isa = PBXFileReference; lastKnownFileType = sourcecode.cpp.cpp; path = ModelVertexShader.cpp; sourceTree = "<group>"; };
		AB92E9A026AEAC46006558A8 /* ModelFragmentShader.cpp */ = {isa = PBXFileReference; lastKnownFileType = sourcecode.cpp.cpp; path = ModelFragmentShader.cpp; sourceTree = "<group>"; };
		AB92E9A226AEACFA006558A8 /* body_showroom_ddn.png */ = {isa = PBXFileReference; lastKnownFileType = image.png; path = body_showroom_ddn.png; sourceTree = "<group>"; };
		AB92E9A326AEACFA006558A8 /* helmet_showroom_ddn.png */ = {isa = PBXFileReference; lastKnownFileType = image.png; path = helmet_showroom_ddn.png; sourceTree = "<group>"; };
		AB92E9A426AEACFA006558A8 /* arm_showroom_ddn.png */ = {isa = PBXFileReference; lastKnownFileType = image.png; path = arm_showroom_ddn.png; sourceTree = "<group>"; };
		AB92E9A526AEACFA006558A8 /* arm_showroom_spec.png */ = {isa = PBXFileReference; lastKnownFileType = image.png; path = arm_showroom_spec.png; sourceTree = "<group>"; };
		AB92E9A626AEACFA006558A8 /* leg_dif.png */ = {isa = PBXFileReference; lastKnownFileType = image.png; path = leg_dif.png; sourceTree = "<group>"; };
		AB92E9A726AEACFA006558A8 /* hand_showroom_spec.png */ = {isa = PBXFileReference; lastKnownFileType = image.png; path = hand_showroom_spec.png; sourceTree = "<group>"; };
		AB92E9A826AEACFA006558A8 /* glass_ddn.png */ = {isa = PBXFileReference; lastKnownFileType = image.png; path = glass_ddn.png; sourceTree = "<group>"; };
		AB92E9A926AEACFA006558A8 /* nanosuit.mtl */ = {isa = PBXFileReference; fileEncoding = 4; lastKnownFileType = text; path = nanosuit.mtl; sourceTree = "<group>"; };
		AB92E9AA26AEACFA006558A8 /* body_dif.png */ = {isa = PBXFileReference; lastKnownFileType = image.png; path = body_dif.png; sourceTree = "<group>"; };
		AB92E9AB26AEACFA006558A8 /* hand_showroom_ddn.png */ = {isa = PBXFileReference; lastKnownFileType = image.png; path = hand_showroom_ddn.png; sourceTree = "<group>"; };
		AB92E9AC26AEACFA006558A8 /* glass_dif.png */ = {isa = PBXFileReference; lastKnownFileType = image.png; path = glass_dif.png; sourceTree = "<group>"; };
		AB92E9AD26AEACFA006558A8 /* arm_dif.png */ = {isa = PBXFileReference; lastKnownFileType = image.png; path = arm_dif.png; sourceTree = "<group>"; };
		AB92E9AE26AEACFA006558A8 /* nanosuit.blend */ = {isa = PBXFileReference; lastKnownFileType = file; path = nanosuit.blend; sourceTree = "<group>"; };
		AB92E9AF26AEACFA006558A8 /* helmet_diff.png */ = {isa = PBXFileReference; lastKnownFileType = image.png; path = helmet_diff.png; sourceTree = "<group>"; };
		AB92E9B026AEACFA006558A8 /* nanosuit.obj */ = {isa = PBXFileReference; fileEncoding = 4; lastKnownFileType = text; path = nanosuit.obj; sourceTree = "<group>"; };
		AB92E9B126AEACFA006558A8 /* leg_showroom_ddn.png */ = {isa = PBXFileReference; lastKnownFileType = image.png; path = leg_showroom_ddn.png; sourceTree = "<group>"; };
		AB92E9B226AEACFA006558A8 /* LICENSE.txt */ = {isa = PBXFileReference; fileEncoding = 4; lastKnownFileType = text; path = LICENSE.txt; sourceTree = "<group>"; };
		AB92E9B326AEACFA006558A8 /* helmet_showroom_spec.png */ = {isa = PBXFileReference; lastKnownFileType = image.png; path = helmet_showroom_spec.png; sourceTree = "<group>"; };
		AB92E9B426AEACFA006558A8 /* leg_showroom_spec.png */ = {isa = PBXFileReference; lastKnownFileType = image.png; path = leg_showroom_spec.png; sourceTree = "<group>"; };
		AB92E9B526AEACFA006558A8 /* body_showroom_spec.png */ = {isa = PBXFileReference; lastKnownFileType = image.png; path = body_showroom_spec.png; sourceTree = "<group>"; };
		AB92E9B626AEACFA006558A8 /* hand_dif.png */ = {isa = PBXFileReference; lastKnownFileType = image.png; path = hand_dif.png; sourceTree = "<group>"; };
		AB92E9B726AEDA13006558A8 /* libassimp.dylib */ = {isa = PBXFileReference; lastKnownFileType = "compiled.mach-o.dylib"; name = libassimp.dylib; path = ../../../assimp/5.0.1/lib/libassimp.dylib; sourceTree = "<group>"; };
		AB92E9B926AEDBE3006558A8 /* libassimp.5.dylib */ = {isa = PBXFileReference; lastKnownFileType = "compiled.mach-o.dylib"; name = libassimp.5.dylib; path = ../../../assimp/5.0.1/lib/libassimp.5.dylib; sourceTree = "<group>"; };
		AB92E9BC26AEDC02006558A8 /* libassimp.5.0.0.dylib */ = {isa = PBXFileReference; lastKnownFileType = "compiled.mach-o.dylib"; name = libassimp.5.0.0.dylib; path = ../../../assimp/5.0.1/lib/libassimp.5.0.0.dylib; sourceTree = "<group>"; };
		AB92E9BE26AEDC12006558A8 /* libIrrXML.dylib */ = {isa = PBXFileReference; lastKnownFileType = "compiled.mach-o.dylib"; name = libIrrXML.dylib; path = ../../../assimp/5.0.1/lib/libIrrXML.dylib; sourceTree = "<group>"; };
		ABABB4E026AE6FBF006284DB /* OpenGL_Test10_MyModel */ = {isa = PBXFileReference; explicitFileType = "compiled.mach-o.executable"; includeInIndex = 0; path = OpenGL_Test10_MyModel; sourceTree = BUILT_PRODUCTS_DIR; };
		ABABB4E326AE6FBF006284DB /* main.cpp */ = {isa = PBXFileReference; lastKnownFileType = sourcecode.cpp.cpp; path = main.cpp; sourceTree = "<group>"; };
		ABABB4EB26AE7025006284DB /* libGLEW.dylib */ = {isa = PBXFileReference; lastKnownFileType = "compiled.mach-o.dylib"; name = libGLEW.dylib; path = ../../../glew/2.2.0_1/lib/libGLEW.dylib; sourceTree = "<group>"; };
		ABABB4ED26AE702E006284DB /* libglfw.dylib */ = {isa = PBXFileReference; lastKnownFileType = "compiled.mach-o.dylib"; name = libglfw.dylib; path = ../../../glfw/3.3.4/lib/libglfw.dylib; sourceTree = "<group>"; };
		ABABB4EF26AE7198006284DB /* glad.c */ = {isa = PBXFileReference; fileEncoding = 4; lastKnownFileType = sourcecode.c.c; name = glad.c; path = ../../../../glad/src/glad.c; sourceTree = "<group>"; };
		ABABB4F126AE71AC006284DB /* Camera.hpp */ = {isa = PBXFileReference; fileEncoding = 4; lastKnownFileType = sourcecode.cpp.h; path = Camera.hpp; sourceTree = "<group>"; };
		ABABB4F226AE71AC006284DB /* Shader.h */ = {isa = PBXFileReference; fileEncoding = 4; lastKnownFileType = sourcecode.c.h; path = Shader.h; sourceTree = "<group>"; };
		ABABB4F326AE71AC006284DB /* Camera.cpp */ = {isa = PBXFileReference; fileEncoding = 4; lastKnownFileType = sourcecode.cpp.cpp; path = Camera.cpp; sourceTree = "<group>"; };
		ABABB4F426AE71AC006284DB /* stb_image.h */ = {isa = PBXFileReference; fileEncoding = 4; lastKnownFileType = sourcecode.c.h; path = stb_image.h; sourceTree = "<group>"; };
/* End PBXFileReference section */

/* Begin PBXFrameworksBuildPhase section */
		ABABB4DD26AE6FBF006284DB /* Frameworks */ = {
			isa = PBXFrameworksBuildPhase;
			buildActionMask = 2147483647;
			files = (
				ABABB4EC26AE7026006284DB /* libGLEW.dylib in Frameworks */,
				ABABB4EE26AE702E006284DB /* libglfw.dylib in Frameworks */,
				AB92E9C026AEDC1A006558A8 /* libassimp.dylib in Frameworks */,
			);
			runOnlyForDeploymentPostprocessing = 0;
		};
/* End PBXFrameworksBuildPhase section */

/* Begin PBXGroup section */
		AB92E99E26AEAC46006558A8 /* ModelShader */ = {
			isa = PBXGroup;
			children = (
				AB92E99F26AEAC46006558A8 /* ModelVertexShader.cpp */,
				AB92E9A026AEAC46006558A8 /* ModelFragmentShader.cpp */,
			);
			path = ModelShader;
			sourceTree = "<group>";
		};
		AB92E9A126AEACFA006558A8 /* nanosuit */ = {
			isa = PBXGroup;
			children = (
				AB92E9A226AEACFA006558A8 /* body_showroom_ddn.png */,
				AB92E9A326AEACFA006558A8 /* helmet_showroom_ddn.png */,
				AB92E9A426AEACFA006558A8 /* arm_showroom_ddn.png */,
				AB92E9A526AEACFA006558A8 /* arm_showroom_spec.png */,
				AB92E9A626AEACFA006558A8 /* leg_dif.png */,
				AB92E9A726AEACFA006558A8 /* hand_showroom_spec.png */,
				AB92E9A826AEACFA006558A8 /* glass_ddn.png */,
				AB92E9A926AEACFA006558A8 /* nanosuit.mtl */,
				AB92E9AA26AEACFA006558A8 /* body_dif.png */,
				AB92E9AB26AEACFA006558A8 /* hand_showroom_ddn.png */,
				AB92E9AC26AEACFA006558A8 /* glass_dif.png */,
				AB92E9AD26AEACFA006558A8 /* arm_dif.png */,
				AB92E9AE26AEACFA006558A8 /* nanosuit.blend */,
				AB92E9AF26AEACFA006558A8 /* helmet_diff.png */,
				AB92E9B026AEACFA006558A8 /* nanosuit.obj */,
				AB92E9B126AEACFA006558A8 /* leg_showroom_ddn.png */,
				AB92E9B226AEACFA006558A8 /* LICENSE.txt */,
				AB92E9B326AEACFA006558A8 /* helmet_showroom_spec.png */,
				AB92E9B426AEACFA006558A8 /* leg_showroom_spec.png */,
				AB92E9B526AEACFA006558A8 /* body_showroom_spec.png */,
				AB92E9B626AEACFA006558A8 /* hand_dif.png */,
			);
			path = nanosuit;
			sourceTree = "<group>";
		};
		ABABB4D726AE6FBF006284DB = {
			isa = PBXGroup;
			children = (
				ABABB4E226AE6FBF006284DB /* OpenGL_Test10_MyModel */,
				ABABB4E126AE6FBF006284DB /* Products */,
				ABABB4EA26AE7025006284DB /* Frameworks */,
			);
			sourceTree = "<group>";
		};
		ABABB4E126AE6FBF006284DB /* Products */ = {
			isa = PBXGroup;
			children = (
				ABABB4E026AE6FBF006284DB /* OpenGL_Test10_MyModel */,
			);
			name = Products;
			sourceTree = "<group>";
		};
		ABABB4E226AE6FBF006284DB /* OpenGL_Test10_MyModel */ = {
			isa = PBXGroup;
			children = (
				AB92E9A126AEACFA006558A8 /* nanosuit */,
				AB92E99E26AEAC46006558A8 /* ModelShader */,
				ABABB4F326AE71AC006284DB /* Camera.cpp */,
				ABABB4F126AE71AC006284DB /* Camera.hpp */,
				ABABB4F226AE71AC006284DB /* Shader.h */,
				ABABB4F426AE71AC006284DB /* stb_image.h */,
				ABABB4EF26AE7198006284DB /* glad.c */,
				ABABB4E326AE6FBF006284DB /* main.cpp */,
				AB92E99826AE8377006558A8 /* Mesh.cpp */,
				AB92E99926AE8377006558A8 /* Mesh.hpp */,
				AB92E99B26AEA6A8006558A8 /* Model.cpp */,
				AB92E99C26AEA6A8006558A8 /* Model.hpp */,
			);
			path = OpenGL_Test10_MyModel;
			sourceTree = "<group>";
		};
		ABABB4EA26AE7025006284DB /* Frameworks */ = {
			isa = PBXGroup;
			children = (
				AB92E9BE26AEDC12006558A8 /* libIrrXML.dylib */,
				AB92E9BC26AEDC02006558A8 /* libassimp.5.0.0.dylib */,
				AB92E9B926AEDBE3006558A8 /* libassimp.5.dylib */,
				AB92E9B726AEDA13006558A8 /* libassimp.dylib */,
				ABABB4ED26AE702E006284DB /* libglfw.dylib */,
				ABABB4EB26AE7025006284DB /* libGLEW.dylib */,
			);
			name = Frameworks;
			sourceTree = "<group>";
		};
/* End PBXGroup section */

/* Begin PBXNativeTarget section */
		ABABB4DF26AE6FBF006284DB /* OpenGL_Test10_MyModel */ = {
			isa = PBXNativeTarget;
			buildConfigurationList = ABABB4E726AE6FBF006284DB /* Build configuration list for PBXNativeTarget "OpenGL_Test10_MyModel" */;
			buildPhases = (
				ABABB4DC26AE6FBF006284DB /* Sources */,
				ABABB4DD26AE6FBF006284DB /* Frameworks */,
				ABABB4DE26AE6FBF006284DB /* CopyFiles */,
			);
			buildRules = (
			);
			dependencies = (
			);
			name = OpenGL_Test10_MyModel;
			productName = OpenGL_Test10_MyModel;
			productReference = ABABB4E026AE6FBF006284DB /* OpenGL_Test10_MyModel */;
			productType = "com.apple.product-type.tool";
		};
/* End PBXNativeTarget section */

/* Begin PBXProject section */
		ABABB4D826AE6FBF006284DB /* Project object */ = {
			isa = PBXProject;
			attributes = {
				LastUpgradeCheck = 1250;
				TargetAttributes = {
					ABABB4DF26AE6FBF006284DB = {
						CreatedOnToolsVersion = 12.5.1;
					};
				};
			};
			buildConfigurationList = ABABB4DB26AE6FBF006284DB /* Build configuration list for PBXProject "OpenGL_Test10_MyModel" */;
			compatibilityVersion = "Xcode 9.3";
			developmentRegion = en;
			hasScannedForEncodings = 0;
			knownRegions = (
				en,
				Base,
			);
			mainGroup = ABABB4D726AE6FBF006284DB;
			productRefGroup = ABABB4E126AE6FBF006284DB /* Products */;
			projectDirPath = "";
			projectRoot = "";
			targets = (
				ABABB4DF26AE6FBF006284DB /* OpenGL_Test10_MyModel */,
			);
		};
/* End PBXProject section */

/* Begin PBXSourcesBuildPhase section */
		ABABB4DC26AE6FBF006284DB /* Sources */ = {
			isa = PBXSourcesBuildPhase;
			buildActionMask = 2147483647;
			files = (
				ABABB4E426AE6FBF006284DB /* main.cpp in Sources */,
				ABABB4F526AE71AC006284DB /* Camera.cpp in Sources */,
				AB92E99D26AEA6A8006558A8 /* Model.cpp in Sources */,
				AB92E99A26AE8377006558A8 /* Mesh.cpp in Sources */,
				ABABB4F026AE7198006284DB /* glad.c in Sources */,
			);
			runOnlyForDeploymentPostprocessing = 0;
		};
/* End PBXSourcesBuildPhase section */

/* Begin XCBuildConfiguration section */
		ABABB4E526AE6FBF006284DB /* Debug */ = {
			isa = XCBuildConfiguration;
			buildSettings = {
				ALWAYS_SEARCH_USER_PATHS = NO;
				CLANG_ANALYZER_NONNULL = YES;
				CLANG_ANALYZER_NUMBER_OBJECT_CONVERSION = YES_AGGRESSIVE;
				CLANG_CXX_LANGUAGE_STANDARD = "gnu++14";
				CLANG_CXX_LIBRARY = "libc++";
				CLANG_ENABLE_MODULES = YES;
				CLANG_ENABLE_OBJC_ARC = YES;
				CLANG_ENABLE_OBJC_WEAK = YES;
				CLANG_WARN_BLOCK_CAPTURE_AUTORELEASING = YES;
				CLANG_WARN_BOOL_CONVERSION = YES;
				CLANG_WARN_COMMA = YES;
				CLANG_WARN_CONSTANT_CONVERSION = YES;
				CLANG_WARN_DEPRECATED_OBJC_IMPLEMENTATIONS = YES;
				CLANG_WARN_DIRECT_OBJC_ISA_USAGE = YES_ERROR;
				CLANG_WARN_DOCUMENTATION_COMMENTS = YES;
				CLANG_WARN_EMPTY_BODY = YES;
				CLANG_WARN_ENUM_CONVERSION = YES;
				CLANG_WARN_INFINITE_RECURSION = YES;
				CLANG_WARN_INT_CONVERSION = YES;
				CLANG_WARN_NON_LITERAL_NULL_CONVERSION = YES;
				CLANG_WARN_OBJC_IMPLICIT_RETAIN_SELF = YES;
				CLANG_WARN_OBJC_LITERAL_CONVERSION = YES;
				CLANG_WARN_OBJC_ROOT_CLASS = YES_ERROR;
				CLANG_WARN_QUOTED_INCLUDE_IN_FRAMEWORK_HEADER = YES;
				CLANG_WARN_RANGE_LOOP_ANALYSIS = YES;
				CLANG_WARN_STRICT_PROTOTYPES = YES;
				CLANG_WARN_SUSPICIOUS_MOVE = YES;
				CLANG_WARN_UNGUARDED_AVAILABILITY = YES_AGGRESSIVE;
				CLANG_WARN_UNREACHABLE_CODE = YES;
				CLANG_WARN__DUPLICATE_METHOD_MATCH = YES;
				COPY_PHASE_STRIP = NO;
				DEBUG_INFORMATION_FORMAT = dwarf;
				ENABLE_STRICT_OBJC_MSGSEND = YES;
				ENABLE_TESTABILITY = YES;
				GCC_C_LANGUAGE_STANDARD = gnu11;
				GCC_DYNAMIC_NO_PIC = NO;
				GCC_NO_COMMON_BLOCKS = YES;
				GCC_OPTIMIZATION_LEVEL = 0;
				GCC_PREPROCESSOR_DEFINITIONS = (
					"DEBUG=1",
					"$(inherited)",
				);
				GCC_WARN_64_TO_32_BIT_CONVERSION = YES;
				GCC_WARN_ABOUT_RETURN_TYPE = YES_ERROR;
				GCC_WARN_UNDECLARED_SELECTOR = YES;
				GCC_WARN_UNINITIALIZED_AUTOS = YES_AGGRESSIVE;
				GCC_WARN_UNUSED_FUNCTION = YES;
				GCC_WARN_UNUSED_VARIABLE = YES;
				MACOSX_DEPLOYMENT_TARGET = 11.3;
				MTL_ENABLE_DEBUG_INFO = INCLUDE_SOURCE;
				MTL_FAST_MATH = YES;
				ONLY_ACTIVE_ARCH = YES;
				SDKROOT = macosx;
			};
			name = Debug;
		};
		ABABB4E626AE6FBF006284DB /* Release */ = {
			isa = XCBuildConfiguration;
			buildSettings = {
				ALWAYS_SEARCH_USER_PATHS = NO;
				CLANG_ANALYZER_NONNULL = YES;
				CLANG_ANALYZER_NUMBER_OBJECT_CONVERSION = YES_AGGRESSIVE;
				CLANG_CXX_LANGUAGE_STANDARD = "gnu++14";
				CLANG_CXX_LIBRARY = "libc++";
				CLANG_ENABLE_MODULES = YES;
				CLANG_ENABLE_OBJC_ARC = YES;
				CLANG_ENABLE_OBJC_WEAK = YES;
				CLANG_WARN_BLOCK_CAPTURE_AUTORELEASING = YES;
				CLANG_WARN_BOOL_CONVERSION = YES;
				CLANG_WARN_COMMA = YES;
				CLANG_WARN_CONSTANT_CONVERSION = YES;
				CLANG_WARN_DEPRECATED_OBJC_IMPLEMENTATIONS = YES;
				CLANG_WARN_DIRECT_OBJC_ISA_USAGE = YES_ERROR;
				CLANG_WARN_DOCUMENTATION_COMMENTS = YES;
				CLANG_WARN_EMPTY_BODY = YES;
				CLANG_WARN_ENUM_CONVERSION = YES;
				CLANG_WARN_INFINITE_RECURSION = YES;
				CLANG_WARN_INT_CONVERSION = YES;
				CLANG_WARN_NON_LITERAL_NULL_CONVERSION = YES;
				CLANG_WARN_OBJC_IMPLICIT_RETAIN_SELF = YES;
				CLANG_WARN_OBJC_LITERAL_CONVERSION = YES;
				CLANG_WARN_OBJC_ROOT_CLASS = YES_ERROR;
				CLANG_WARN_QUOTED_INCLUDE_IN_FRAMEWORK_HEADER = YES;
				CLANG_WARN_RANGE_LOOP_ANALYSIS = YES;
				CLANG_WARN_STRICT_PROTOTYPES = YES;
				CLANG_WARN_SUSPICIOUS_MOVE = YES;
				CLANG_WARN_UNGUARDED_AVAILABILITY = YES_AGGRESSIVE;
				CLANG_WARN_UNREACHABLE_CODE = YES;
				CLANG_WARN__DUPLICATE_METHOD_MATCH = YES;
				COPY_PHASE_STRIP = NO;
				DEBUG_INFORMATION_FORMAT = "dwarf-with-dsym";
				ENABLE_NS_ASSERTIONS = NO;
				ENABLE_STRICT_OBJC_MSGSEND = YES;
				GCC_C_LANGUAGE_STANDARD = gnu11;
				GCC_NO_COMMON_BLOCKS = YES;
				GCC_WARN_64_TO_32_BIT_CONVERSION = YES;
				GCC_WARN_ABOUT_RETURN_TYPE = YES_ERROR;
				GCC_WARN_UNDECLARED_SELECTOR = YES;
				GCC_WARN_UNINITIALIZED_AUTOS = YES_AGGRESSIVE;
				GCC_WARN_UNUSED_FUNCTION = YES;
				GCC_WARN_UNUSED_VARIABLE = YES;
				MACOSX_DEPLOYMENT_TARGET = 11.3;
				MTL_ENABLE_DEBUG_INFO = NO;
				MTL_FAST_MATH = YES;
				SDKROOT = macosx;
			};
			name = Release;
		};
		ABABB4E826AE6FBF006284DB /* Debug */ = {
			isa = XCBuildConfiguration;
			buildSettings = {
				CODE_SIGN_STYLE = Automatic;
				HEADER_SEARCH_PATHS = (
					"\"$(SRCROOT)/../../../glew/2.2.0_1/include\"",
					"\"$(SRCROOT)/../../../glfw/3.3.4/include\"",
					"\"$(SRCROOT)/../../../glad/include\"",
					"\"$(SRCROOT)/../../../glm/0.9.9.8/include\"",
					"\"$(SRCROOT)/../../../assimp/5.0.1/include\"",
				);
				LIBRARY_SEARCH_PATHS = (
					"\"$(SRCROOT)/../../../glew/2.2.0_1/lib\"",
					"\"$(SRCROOT)/../../../glfw/3.3.4/lib\"",
					"\"$(SRCROOT)/../../../assimp/5.0.1/lib\"",
				);
				PRODUCT_NAME = "$(TARGET_NAME)";
			};
			name = Debug;
		};
		ABABB4E926AE6FBF006284DB /* Release */ = {
			isa = XCBuildConfiguration;
			buildSettings = {
				CODE_SIGN_STYLE = Automatic;
				HEADER_SEARCH_PATHS = (
					"\"$(SRCROOT)/../../../glew/2.2.0_1/include\"",
					"\"$(SRCROOT)/../../../glfw/3.3.4/include\"",
					"\"$(SRCROOT)/../../../glad/include\"",
					"\"$(SRCROOT)/../../../glm/0.9.9.8/include\"",
					"\"$(SRCROOT)/../../../assimp/5.0.1/include\"",
				);
				LIBRARY_SEARCH_PATHS = (
					"\"$(SRCROOT)/../../../glew/2.2.0_1/lib\"",
					"\"$(SRCROOT)/../../../glfw/3.3.4/lib\"",
					"\"$(SRCROOT)/../../../assimp/5.0.1/lib\"",
				);
				PRODUCT_NAME = "$(TARGET_NAME)";
			};
			name = Release;
		};
/* End XCBuildConfiguration section */

/* Begin XCConfigurationList section */
		ABABB4DB26AE6FBF006284DB /* Build configuration list for PBXProject "OpenGL_Test10_MyModel" */ = {
			isa = XCConfigurationList;
			buildConfigurations = (
				ABABB4E526AE6FBF006284DB /* Debug */,
				ABABB4E626AE6FBF006284DB /* Release */,
			);
			defaultConfigurationIsVisible = 0;
			defaultConfigurationName = Release;
		};
		ABABB4E726AE6FBF006284DB /* Build configuration list for PBXNativeTarget "OpenGL_Test10_MyModel" */ = {
			isa = XCConfigurationList;
			buildConfigurations = (
				ABABB4E826AE6FBF006284DB /* Debug */,
				ABABB4E926AE6FBF006284DB /* Release */,
			);
			defaultConfigurationIsVisible = 0;
			defaultConfigurationName = Release;
		};
/* End XCConfigurationList section */
	};
	rootObject = ABABB4D826AE6FBF006284DB /* Project object */;
}
